<Solution>
  <Configurations>
    <Platform Name="Any CPU" />
    <Platform Name="x64" />
  </Configurations>
  <Project Path="build/_build.csproj">
    <Build Solution="*|Any CPU" Project="false" />
  </Project>
  <Project Path="source/BACApp.Core/BACApp.Core.csproj" />
  <Project Path="source/BACApp.UI/BACApp.UI.csproj" />
</Solution>
